
Microsoft Visual Studio Solution File, Format Version 12.00
# Visual Studio Version 17
VisualStudioVersion = 17.10.34928.147
MinimumVisualStudioVersion = 10.0.40219.1
Project("{FAE04EC0-301F-11D3-BF4B-00C04F79EFBC}") = "WebScraper", "WebScraper.csproj", "{0EA3A5F3-91FD-4197-A1E4-99FA0762F10C}"
EndProject
Global
	GlobalSection(SolutionConfigurationPlatforms) = preSolution
		Debug|Any CPU = Debug|Any CPU
		Release|Any CPU = Release|Any CPU
	EndGlobalSection
	GlobalSection(ProjectConfigurationPlatforms) = postSolution
		{0EA3A5F3-91FD-4197-A1E4-99FA0762F10C}.Debug|Any CPU.ActiveCfg = Debug|Any CPU
		{0EA3A5F3-91FD-4197-A1E4-99FA0762F10C}.Debug|Any CPU.Build.0 = Debug|Any CPU
		{0EA3A5F3-91FD-4197-A1E4-99FA0762F10C}.Release|Any CPU.ActiveCfg = Release|Any CPU
		{0EA3A5F3-91FD-4197-A1E4-99FA0762F10C}.Release|Any CPU.Build.0 = Release|Any CPU
	EndGlobalSection
	GlobalSection(SolutionProperties) = preSolution
		HideSolutionNode = FALSE
	EndGlobalSection
	GlobalSection(ExtensibilityGlobals) = postSolution
		SolutionGuid = {F5DDE648-1A30-4A0B-9E40-E7834416B6D3}
	EndGlobalSection
EndGlobal
